// !$*UTF8*$!
{
	archiveVersion = 1;
	classes = {
	};
	objectVersion = 77;
	objects = {

/* Begin PBXBuildFile section */
		AC9B3A042F726A28008E2C44 /* ServicesChatNotificationManager.swift in Sources */ = {isa = PBXBuildFile; fileRef = AC9B3A032F726A28008E2C44 /* ServicesChatNotificationManager.swift */; };
		AC9B3A062F726AE1008E2C44 /* ViewsChatBannerView.swift in Sources */ = {isa = PBXBuildFile; fileRef = AC9B3A052F726AE1008E2C44 /* ViewsChatBannerView.swift */; };
		AC9B3A0A2F73C718008E2C44 /* ViewsGameLobbyView.swift in Sources */ = {isa = PBXBuildFile; fileRef = AC9B3A092F73C718008E2C44 /* ViewsGameLobbyView.swift */; };
		AC9B3A0C2F7B828B008E2C44 /* ViewsStoreView.swift in Sources */ = {isa = PBXBuildFile; fileRef = AC9B3A0B2F7B828B008E2C44 /* ViewsStoreView.swift */; };
		AC9B3A112F7CF23F008E2C44 /* StoreKit.framework in Frameworks */ = {isa = PBXBuildFile; fileRef = AC9B3A102F7CF23E008E2C44 /* StoreKit.framework */; };
		AC9B3A132F7CF324008E2C44 /* Products.storekit in Resources */ = {isa = PBXBuildFile; fileRef = AC9B3A122F7CF324008E2C44 /* Products.storekit */; };
		AC9B3A1A2F7FBADE008E2C44 /* ViewsExtendedStatsView.swift in Sources */ = {isa = PBXBuildFile; fileRef = AC9B3A192F7FBADE008E2C44 /* ViewsExtendedStatsView.swift */; };
		AC9B3A1C2F815689008E2C44 /* ModelsEngagement.swift in Sources */ = {isa = PBXBuildFile; fileRef = AC9B3A1B2F815689008E2C44 /* ModelsEngagement.swift */; };
		AC9B3A1E2F81576A008E2C44 /* ServicesEngagementManager.swift in Sources */ = {isa = PBXBuildFile; fileRef = AC9B3A1D2F81576A008E2C44 /* ServicesEngagementManager.swift */; };
		AC9B3A202F81582E008E2C44 /* ViewsDailyChallengesView.swift in Sources */ = {isa = PBXBuildFile; fileRef = AC9B3A1F2F81582E008E2C44 /* ViewsDailyChallengesView.swift */; };
		AC9B3A222F81587C008E2C44 /* ViewsAchievementsView.swift in Sources */ = {isa = PBXBuildFile; fileRef = AC9B3A212F81587C008E2C44 /* ViewsAchievementsView.swift */; };
		AC9B3A242F817741008E2C44 /* ViewsContactsInviteView.swift in Sources */ = {isa = PBXBuildFile; fileRef = AC9B3A232F817741008E2C44 /* ViewsContactsInviteView.swift */; };
/* End PBXBuildFile section */

/* Begin PBXContainerItemProxy section */
		AC1DE0892F5D48DD0016C7EA /* PBXContainerItemProxy */ = {
			isa = PBXContainerItemProxy;
			containerPortal = AC1DE06F2F5D48DB0016C7EA /* Project object */;
			proxyType = 1;
			remoteGlobalIDString = AC1DE0762F5D48DB0016C7EA;
			remoteInfo = Kosudoku;
		};
		AC1DE0932F5D48DD0016C7EA /* PBXContainerItemProxy */ = {
			isa = PBXContainerItemProxy;
			containerPortal = AC1DE06F2F5D48DB0016C7EA /* Project object */;
			proxyType = 1;
			remoteGlobalIDString = AC1DE0762F5D48DB0016C7EA;
			remoteInfo = Kosudoku;
		};
/* End PBXContainerItemProxy section */

/* Begin PBXFileReference section */
		AC1DE0772F5D48DB0016C7EA /* Kosudoku.app */ = {isa = PBXFileReference; explicitFileType = wrapper.application; includeInIndex = 0; path = Kosudoku.app; sourceTree = BUILT_PRODUCTS_DIR; };
		AC1DE0882F5D48DD0016C7EA /* KosudokuTests.xctest */ = {isa = PBXFileReference; explicitFileType = wrapper.cfbundle; includeInIndex = 0; path = KosudokuTests.xctest; sourceTree = BUILT_PRODUCTS_DIR; };
		AC1DE0922F5D48DD0016C7EA /* KosudokuUITests.xctest */ = {isa = PBXFileReference; explicitFileType = wrapper.cfbundle; includeInIndex = 0; path = KosudokuUITests.xctest; sourceTree = BUILT_PRODUCTS_DIR; };
		AC9B3A032F726A28008E2C44 /* ServicesChatNotificationManager.swift */ = {isa = PBXFileReference; lastKnownFileType = sourcecode.swift; path = ServicesChatNotificationManager.swift; sourceTree = "<group>"; };
		AC9B3A052F726AE1008E2C44 /* ViewsChatBannerView.swift */ = {isa = PBXFileReference; lastKnownFileType = sourcecode.swift; path = ViewsChatBannerView.swift; sourceTree = "<group>"; };
		AC9B3A092F73C718008E2C44 /* ViewsGameLobbyView.swift */ = {isa = PBXFileReference; lastKnownFileType = sourcecode.swift; path = ViewsGameLobbyView.swift; sourceTree = "<group>"; };
		AC9B3A0B2F7B828B008E2C44 /* ViewsStoreView.swift */ = {isa = PBXFileReference; lastKnownFileType = sourcecode.swift; path = ViewsStoreView.swift; sourceTree = "<group>"; };
		AC9B3A102F7CF23E008E2C44 /* StoreKit.framework */ = {isa = PBXFileReference; lastKnownFileType = wrapper.framework; name = StoreKit.framework; path = System/Library/Frameworks/StoreKit.framework; sourceTree = SDKROOT; };
		AC9B3A122F7CF324008E2C44 /* Products.storekit */ = {isa = PBXFileReference; lastKnownFileType = text; path = Products.storekit; sourceTree = "<group>"; };
		AC9B3A142F7D7D9D008E2C44 /* Products.storekit */ = {isa = PBXFileReference; lastKnownFileType = text; path = Products.storekit; sourceTree = "<group>"; };
		AC9B3A192F7FBADE008E2C44 /* ViewsExtendedStatsView.swift */ = {isa = PBXFileReference; lastKnownFileType = sourcecode.swift; path = ViewsExtendedStatsView.swift; sourceTree = "<group>"; };
		AC9B3A1B2F815689008E2C44 /* ModelsEngagement.swift */ = {isa = PBXFileReference; lastKnownFileType = sourcecode.swift; path = ModelsEngagement.swift; sourceTree = "<group>"; };
		AC9B3A1D2F81576A008E2C44 /* ServicesEngagementManager.swift */ = {isa = PBXFileReference; lastKnownFileType = sourcecode.swift; path = ServicesEngagementManager.swift; sourceTree = "<group>"; };
		AC9B3A1F2F81582E008E2C44 /* ViewsDailyChallengesView.swift */ = {isa = PBXFileReference; lastKnownFileType = sourcecode.swift; path = ViewsDailyChallengesView.swift; sourceTree = "<group>"; };
		AC9B3A212F81587C008E2C44 /* ViewsAchievementsView.swift */ = {isa = PBXFileReference; lastKnownFileType = sourcecode.swift; path = ViewsAchievementsView.swift; sourceTree = "<group>"; };
		AC9B3A232F817741008E2C44 /* ViewsContactsInviteView.swift */ = {isa = PBXFileReference; lastKnownFileType = sourcecode.swift; path = ViewsContactsInviteView.swift; sourceTree = "<group>"; };
/* End PBXFileReference section */

/* Begin PBXFileSystemSynchronizedBuildFileExceptionSet section */
		AC1DE09A2F5D48DD0016C7EA /* Exceptions for "Kosudoku" folder in "Kosudoku" target */ = {
			isa = PBXFileSystemSynchronizedBuildFileExceptionSet;
			membershipExceptions = (
				Info.plist,
			);
			target = AC1DE0762F5D48DB0016C7EA /* Kosudoku */;
		};
/* End PBXFileSystemSynchronizedBuildFileExceptionSet section */

/* Begin PBXFileSystemSynchronizedRootGroup section */
		AC1DE0792F5D48DB0016C7EA /* Kosudoku */ = {
			isa = PBXFileSystemSynchronizedRootGroup;
			exceptions = (
				AC1DE09A2F5D48DD0016C7EA /* Exceptions for "Kosudoku" folder in "Kosudoku" target */,
			);
			path = Kosudoku;
			sourceTree = "<group>";
		};
		AC1DE08B2F5D48DD0016C7EA /* KosudokuTests */ = {
			isa = PBXFileSystemSynchronizedRootGroup;
			path = KosudokuTests;
			sourceTree = "<group>";
		};
		AC1DE0952F5D48DD0016C7EA /* KosudokuUITests */ = {
			isa = PBXFileSystemSynchronizedRootGroup;
			path = KosudokuUITests;
			sourceTree = "<group>";
		};
/* End PBXFileSystemSynchronizedRootGroup section */

/* Begin PBXFrameworksBuildPhase section */
		AC1DE0742F5D48DB0016C7EA /* Frameworks */ = {
			isa = PBXFrameworksBuildPhase;
			buildActionMask = 2147483647;
			files = (
				AC9B3A112F7CF23F008E2C44 /* StoreKit.framework in Frameworks */,
			);
			runOnlyForDeploymentPostprocessing = 0;
		};
		AC1DE0852F5D48DD0016C7EA /* Frameworks */ = {
			isa = PBXFrameworksBuildPhase;
			buildActionMask = 2147483647;
			files = (
			);
			runOnlyForDeploymentPostprocessing = 0;
		};
		AC1DE08F2F5D48DD0016C7EA /* Frameworks */ = {
			isa = PBXFrameworksBuildPhase;
			buildActionMask = 2147483647;
			files = (
			);
			runOnlyForDeploymentPostprocessing = 0;
		};
/* End PBXFrameworksBuildPhase section */

/* Begin PBXGroup section */
		AC1DE06E2F5D48DB0016C7EA = {
			isa = PBXGroup;
			children = (
				AC9B3A122F7CF324008E2C44 /* Products.storekit */,
				AC9B3A142F7D7D9D008E2C44 /* Products.storekit */,
				AC1DE0792F5D48DB0016C7EA /* Kosudoku */,
				AC1DE08B2F5D48DD0016C7EA /* KosudokuTests */,
				AC1DE0952F5D48DD0016C7EA /* KosudokuUITests */,
				AC1DE0782F5D48DB0016C7EA /* Products */,
				AC9B3A032F726A28008E2C44 /* ServicesChatNotificationManager.swift */,
				AC9B3A052F726AE1008E2C44 /* ViewsChatBannerView.swift */,
				AC9B3A092F73C718008E2C44 /* ViewsGameLobbyView.swift */,
				AC9B3A0B2F7B828B008E2C44 /* ViewsStoreView.swift */,
				AC9B3A0F2F7CF23E008E2C44 /* Frameworks */,
				AC9B3A192F7FBADE008E2C44 /* ViewsExtendedStatsView.swift */,
				AC9B3A1B2F815689008E2C44 /* ModelsEngagement.swift */,
				AC9B3A1D2F81576A008E2C44 /* ServicesEngagementManager.swift */,
				AC9B3A1F2F81582E008E2C44 /* ViewsDailyChallengesView.swift */,
				AC9B3A212F81587C008E2C44 /* ViewsAchievementsView.swift */,
				AC9B3A232F817741008E2C44 /* ViewsContactsInviteView.swift */,
			);
			sourceTree = "<group>";
		};
		AC1DE0782F5D48DB0016C7EA /* Products */ = {
			isa = PBXGroup;
			children = (
				AC1DE0772F5D48DB0016C7EA /* Kosudoku.app */,
				AC1DE0882F5D48DD0016C7EA /* KosudokuTests.xctest */,
				AC1DE0922F5D48DD0016C7EA /* KosudokuUITests.xctest */,
			);
			name = Products;
			sourceTree = "<group>";
		};
		AC9B3A0F2F7CF23E008E2C44 /* Frameworks */ = {
			isa = PBXGroup;
			children = (
				AC9B3A102F7CF23E008E2C44 /* StoreKit.framework */,
			);
			name = Frameworks;
			sourceTree = "<group>";
		};
/* End PBXGroup section */

/* Begin PBXNativeTarget section */
		AC1DE0762F5D48DB0016C7EA /* Kosudoku */ = {
			isa = PBXNativeTarget;
			buildConfigurationList = AC1DE09B2F5D48DD0016C7EA /* Build configuration list for PBXNativeTarget "Kosudoku" */;
			buildPhases = (
				AC1DE0732F5D48DB0016C7EA /* Sources */,
				AC1DE0742F5D48DB0016C7EA /* Frameworks */,
				AC1DE0752F5D48DB0016C7EA /* Resources */,
			);
			buildRules = (
			);
			dependencies = (
			);
			fileSystemSynchronizedGroups = (
				AC1DE0792F5D48DB0016C7EA /* Kosudoku */,
			);
			name = Kosudoku;
			packageProductDependencies = (
			);
			productName = Kosudoku;
			productReference = AC1DE0772F5D48DB0016C7EA /* Kosudoku.app */;
			productType = "com.apple.product-type.application";
		};
		AC1DE0872F5D48DD0016C7EA /* KosudokuTests */ = {
			isa = PBXNativeTarget;
			buildConfigurationList = AC1DE0A02F5D48DD0016C7EA /* Build configuration list for PBXNativeTarget "KosudokuTests" */;
			buildPhases = (
				AC1DE0842F5D48DD0016C7EA /* Sources */,
				AC1DE0852F5D48DD0016C7EA /* Frameworks */,
				AC1DE0862F5D48DD0016C7EA /* Resources */,
			);
			buildRules = (
			);
			dependencies = (
				AC1DE08A2F5D48DD0016C7EA /* PBXTargetDependency */,
			);
			fileSystemSynchronizedGroups = (
				AC1DE08B2F5D48DD0016C7EA /* KosudokuTests */,
			);
			name = KosudokuTests;
			packageProductDependencies = (
			);
			productName = KosudokuTests;
			productReference = AC1DE0882F5D48DD0016C7EA /* KosudokuTests.xctest */;
			productType = "com.apple.product-type.bundle.unit-test";
		};
		AC1DE0912F5D48DD0016C7EA /* KosudokuUITests */ = {
			isa = PBXNativeTarget;
			buildConfigurationList = AC1DE0A32F5D48DD0016C7EA /* Build configuration list for PBXNativeTarget "KosudokuUITests" */;
			buildPhases = (
				AC1DE08E2F5D48DD0016C7EA /* Sources */,
				AC1DE08F2F5D48DD0016C7EA /* Frameworks */,
				AC1DE0902F5D48DD0016C7EA /* Resources */,
			);
			buildRules = (
			);
			dependencies = (
				AC1DE0942F5D48DD0016C7EA /* PBXTargetDependency */,
			);
			fileSystemSynchronizedGroups = (
				AC1DE0952F5D48DD0016C7EA /* KosudokuUITests */,
			);
			name = KosudokuUITests;
			packageProductDependencies = (
			);
			productName = KosudokuUITests;
			productReference = AC1DE0922F5D48DD0016C7EA /* KosudokuUITests.xctest */;
			productType = "com.apple.product-type.bundle.ui-testing";
		};
/* End PBXNativeTarget section */

/* Begin PBXProject section */
		AC1DE06F2F5D48DB0016C7EA /* Project object */ = {
			isa = PBXProject;
			attributes = {
				BuildIndependentTargetsInParallel = 1;
				LastSwiftUpdateCheck = 2630;
				LastUpgradeCheck = 2630;
				TargetAttributes = {
					AC1DE0762F5D48DB0016C7EA = {
						CreatedOnToolsVersion = 26.3;
					};
					AC1DE0872F5D48DD0016C7EA = {
						CreatedOnToolsVersion = 26.3;
						TestTargetID = AC1DE0762F5D48DB0016C7EA;
					};
					AC1DE0912F5D48DD0016C7EA = {
						CreatedOnToolsVersion = 26.3;
						TestTargetID = AC1DE0762F5D48DB0016C7EA;
					};
				};
			};
			buildConfigurationList = AC1DE0722F5D48DB0016C7EA /* Build configuration list for PBXProject "Kosudoku" */;
			developmentRegion = en;
			hasScannedForEncodings = 0;
			knownRegions = (
				en,
				Base,
			);
			mainGroup = AC1DE06E2F5D48DB0016C7EA;
			minimizedProjectReferenceProxies = 1;
			preferredProjectObjectVersion = 77;
			productRefGroup = AC1DE0782F5D48DB0016C7EA /* Products */;
			projectDirPath = "";
			projectRoot = "";
			targets = (
				AC1DE0762F5D48DB0016C7EA /* Kosudoku */,
				AC1DE0872F5D48DD0016C7EA /* KosudokuTests */,
				AC1DE0912F5D48DD0016C7EA /* KosudokuUITests */,
			);
		};
/* End PBXProject section */

/* Begin PBXResourcesBuildPhase section */
		AC1DE0752F5D48DB0016C7EA /* Resources */ = {
			isa = PBXResourcesBuildPhase;
			buildActionMask = 2147483647;
			files = (
				AC9B3A132F7CF324008E2C44 /* Products.storekit in Resources */,
			);
			runOnlyForDeploymentPostprocessing = 0;
		};
		AC1DE0862F5D48DD0016C7EA /* Resources */ = {
			isa = PBXResourcesBuildPhase;
			buildActionMask = 2147483647;
			files = (
			);
			runOnlyForDeploymentPostprocessing = 0;
		};
		AC1DE0902F5D48DD0016C7EA /* Resources */ = {
			isa = PBXResourcesBuildPhase;
			buildActionMask = 2147483647;
			files = (
			);
			runOnlyForDeploymentPostprocessing = 0;
		};
/* End PBXResourcesBuildPhase section */

/* Begin PBXSourcesBuildPhase section */
		AC1DE0732F5D48DB0016C7EA /* Sources */ = {
			isa = PBXSourcesBuildPhase;
			buildActionMask = 2147483647;
			files = (
				AC9B3A042F726A28008E2C44 /* ServicesChatNotificationManager.swift in Sources */,
				AC9B3A1C2F815689008E2C44 /* ModelsEngagement.swift in Sources */,
				AC9B3A062F726AE1008E2C44 /* ViewsChatBannerView.swift in Sources */,
				AC9B3A242F817741008E2C44 /* ViewsContactsInviteView.swift in Sources */,
				AC9B3A1E2F81576A008E2C44 /* ServicesEngagementManager.swift in Sources */,
				AC9B3A1A2F7FBADE008E2C44 /* ViewsExtendedStatsView.swift in Sources */,
				AC9B3A0C2F7B828B008E2C44 /* ViewsStoreView.swift in Sources */,
				AC9B3A202F81582E008E2C44 /* ViewsDailyChallengesView.swift in Sources */,
				AC9B3A0A2F73C718008E2C44 /* ViewsGameLobbyView.swift in Sources */,
				AC9B3A222F81587C008E2C44 /* ViewsAchievementsView.swift in Sources */,
			);
			runOnlyForDeploymentPostprocessing = 0;
		};
		AC1DE0842F5D48DD0016C7EA /* Sources */ = {
			isa = PBXSourcesBuildPhase;
			buildActionMask = 2147483647;
			files = (
			);
			runOnlyForDeploymentPostprocessing = 0;
		};
		AC1DE08E2F5D48DD0016C7EA /* Sources */ = {
			isa = PBXSourcesBuildPhase;
			buildActionMask = 2147483647;
			files = (
			);
			runOnlyForDeploymentPostprocessing = 0;
		};
/* End PBXSourcesBuildPhase section */

/* Begin PBXTargetDependency section */
		AC1DE08A2F5D48DD0016C7EA /* PBXTargetDependency */ = {
			isa = PBXTargetDependency;
			target = AC1DE0762F5D48DB0016C7EA /* Kosudoku */;
			targetProxy = AC1DE0892F5D48DD0016C7EA /* PBXContainerItemProxy */;
		};
		AC1DE0942F5D48DD0016C7EA /* PBXTargetDependency */ = {
			isa = PBXTargetDependency;
			target = AC1DE0762F5D48DB0016C7EA /* Kosudoku */;
			targetProxy = AC1DE0932F5D48DD0016C7EA /* PBXContainerItemProxy */;
		};
/* End PBXTargetDependency section */

/* Begin XCBuildConfiguration section */
		AC1DE09C2F5D48DD0016C7EA /* Debug */ = {
			isa = XCBuildConfiguration;
			buildSettings = {
				ASSETCATALOG_COMPILER_APPICON_NAME = AppIcon;
				ASSETCATALOG_COMPILER_GLOBAL_ACCENT_COLOR_NAME = AccentColor;
				CODE_SIGN_ENTITLEMENTS = Kosudoku/Kosudoku.entitlements;
				CODE_SIGN_STYLE = Automatic;
				CURRENT_PROJECT_VERSION = 1;
				DEVELOPMENT_TEAM = ZXKGJANQQ2;
				ENABLE_PREVIEWS = YES;
				GENERATE_INFOPLIST_FILE = YES;
				INFOPLIST_FILE = Kosudoku/Info.plist;
				INFOPLIST_KEY_UIApplicationSceneManifest_Generation = YES;
				INFOPLIST_KEY_UIApplicationSupportsIndirectInputEvents = YES;
				INFOPLIST_KEY_UILaunchScreen_Generation = YES;
				INFOPLIST_KEY_UISupportedInterfaceOrientations_iPad = "UIInterfaceOrientationPortrait UIInterfaceOrientationPortraitUpsideDown UIInterfaceOrientationLandscapeLeft UIInterfaceOrientationLandscapeRight";
				INFOPLIST_KEY_UISupportedInterfaceOrientations_iPhone = "UIInterfaceOrientationPortrait UIInterfaceOrientationLandscapeLeft UIInterfaceOrientationLandscapeRight";
				LD_RUNPATH_SEARCH_PATHS = (
					"$(inherited)",
					"@executable_path/Frameworks",
				);
				MARKETING_VERSION = 1.0;
				PRODUCT_BUNDLE_IDENTIFIER = bejaflor.Kosudoku;
				PRODUCT_NAME = "$(TARGET_NAME)";
				STRING_CATALOG_GENERATE_SYMBOLS = YES;
				SWIFT_APPROACHABLE_CONCURRENCY = YES;
				SWIFT_DEFAULT_ACTOR_ISOLATION = MainActor;
				SWIFT_EMIT_LOC_STRINGS = YES;
				SWIFT_UPCOMING_FEATURE_MEMBER_IMPORT_VISIBILITY = YES;
				SWIFT_VERSION = 5.0;
				TARGETED_DEVICE_FAMILY = "1,2";
			};
			name = Debug;
		};
		AC1DE09D2F5D48DD0016C7EA /* Release */ = {
			isa = XCBuildConfiguration;
			buildSettings = {
				ASSETCATALOG_COMPILER_APPICON_NAME = AppIcon;
				ASSETCATALOG_COMPILER_GLOBAL_ACCENT_COLOR_NAME = AccentColor;
				CODE_SIGN_ENTITLEMENTS = Kosudoku/Kosudoku.entitlements;
				CODE_SIGN_STYLE = Automatic;
				CURRENT_PROJECT_VERSION = 1;
				DEVELOPMENT_TEAM = ZXKGJANQQ2;
				ENABLE_PREVIEWS = YES;
				GENERATE_INFOPLIST_FILE = YES;
				INFOPLIST_FILE = Kosudoku/Info.plist;
				INFOPLIST_KEY_UIApplicationSceneManifest_Generation = YES;
				INFOPLIST_KEY_UIApplicationSupportsIndirectInputEvents = YES;
				INFOPLIST_KEY_UILaunchScreen_Generation = YES;
				INFOPLIST_KEY_UISupportedInterfaceOrientations_iPad = "UIInterfaceOrientationPortrait UIInterfaceOrientationPortraitUpsideDown UIInterfaceOrientationLandscapeLeft UIInterfaceOrientationLandscapeRight";
				INFOPLIST_KEY_UISupportedInterfaceOrientations_iPhone = "UIInterfaceOrientationPortrait UIInterfaceOrientationLandscapeLeft UIInterfaceOrientationLandscapeRight";
				LD_RUNPATH_SEARCH_PATHS = (
					"$(inherited)",
					"@executable_path/Frameworks",
				);
				MARKETING_VERSION = 1.0;
				PRODUCT_BUNDLE_IDENTIFIER = bejaflor.Kosudoku;
				PRODUCT_NAME = "$(TARGET_NAME)";
				STRING_CATALOG_GENERATE_SYMBOLS = YES;
				SWIFT_APPROACHABLE_CONCURRENCY = YES;
				SWIFT_DEFAULT_ACTOR_ISOLATION = MainActor;
				SWIFT_EMIT_LOC_STRINGS = YES;
				SWIFT_UPCOMING_FEATURE_MEMBER_IMPORT_VISIBILITY = YES;
				SWIFT_VERSION = 5.0;
				TARGETED_DEVICE_FAMILY = "1,2";
			};
			name = Release;
		};
		AC1DE09E2F5D48DD0016C7EA /* Debug */ = {
			isa = XCBuildConfiguration;
			buildSettings = {
				ALWAYS_SEARCH_USER_PATHS = NO;
				ASSETCATALOG_COMPILER_GENERATE_SWIFT_ASSET_SYMBOL_EXTENSIONS = YES;
				CLANG_ANALYZER_NONNULL = YES;
				CLANG_ANALYZER_NUMBER_OBJECT_CONVERSION = YES_AGGRESSIVE;
				CLANG_CXX_LANGUAGE_STANDARD = "gnu++20";
				CLANG_ENABLE_MODULES = YES;
				CLANG_ENABLE_OBJC_ARC = YES;
				CLANG_ENABLE_OBJC_WEAK = YES;
				CLANG_WARN_BLOCK_CAPTURE_AUTORELEASING = YES;
				CLANG_WARN_BOOL_CONVERSION = YES;
				CLANG_WARN_COMMA = YES;
				CLANG_WARN_CONSTANT_CONVERSION = YES;
				CLANG_WARN_DEPRECATED_OBJC_IMPLEMENTATIONS = YES;
				CLANG_WARN_DIRECT_OBJC_ISA_USAGE = YES_ERROR;
				CLANG_WARN_DOCUMENTATION_COMMENTS = YES;
				CLANG_WARN_EMPTY_BODY = YES;
				CLANG_WARN_ENUM_CONVERSION = YES;
				CLANG_WARN_INFINITE_RECURSION = YES;
				CLANG_WARN_INT_CONVERSION = YES;
				CLANG_WARN_NON_LITERAL_NULL_CONVERSION = YES;
				CLANG_WARN_OBJC_IMPLICIT_RETAIN_SELF = YES;
				CLANG_WARN_OBJC_LITERAL_CONVERSION = YES;
				CLANG_WARN_OBJC_ROOT_CLASS = YES_ERROR;
				CLANG_WARN_QUOTED_INCLUDE_IN_FRAMEWORK_HEADER = YES;
				CLANG_WARN_RANGE_LOOP_ANALYSIS = YES;
				CLANG_WARN_STRICT_PROTOTYPES = YES;
				CLANG_WARN_SUSPICIOUS_MOVE = YES;
				CLANG_WARN_UNGUARDED_AVAILABILITY = YES_AGGRESSIVE;
				CLANG_WARN_UNREACHABLE_CODE = YES;
				CLANG_WARN__DUPLICATE_METHOD_MATCH = YES;
				COPY_PHASE_STRIP = NO;
				DEBUG_INFORMATION_FORMAT = dwarf;
				DEVELOPMENT_TEAM = ZXKGJANQQ2;
				ENABLE_STRICT_OBJC_MSGSEND = YES;
				ENABLE_TESTABILITY = YES;
				ENABLE_USER_SCRIPT_SANDBOXING = YES;
				GCC_C_LANGUAGE_STANDARD = gnu17;
				GCC_DYNAMIC_NO_PIC = NO;
				GCC_NO_COMMON_BLOCKS = YES;
				GCC_OPTIMIZATION_LEVEL = 0;
				GCC_PREPROCESSOR_DEFINITIONS = (
					"DEBUG=1",
					"$(inherited)",
				);
				GCC_WARN_64_TO_32_BIT_CONVERSION = YES;
				GCC_WARN_ABOUT_RETURN_TYPE = YES_ERROR;
				GCC_WARN_UNDECLARED_SELECTOR = YES;
				GCC_WARN_UNINITIALIZED_AUTOS = YES_AGGRESSIVE;
				GCC_WARN_UNUSED_FUNCTION = YES;
				GCC_WARN_UNUSED_VARIABLE = YES;
				IPHONEOS_DEPLOYMENT_TARGET = 26.2;
				LOCALIZATION_PREFERS_STRING_CATALOGS = YES;
				MTL_ENABLE_DEBUG_INFO = INCLUDE_SOURCE;
				MTL_FAST_MATH = YES;
				ONLY_ACTIVE_ARCH = YES;
				SDKROOT = iphoneos;
				SWIFT_ACTIVE_COMPILATION_CONDITIONS = "DEBUG $(inherited)";
				SWIFT_OPTIMIZATION_LEVEL = "-Onone";
			};
			name = Debug;
		};
		AC1DE09F2F5D48DD0016C7EA /* Release */ = {
			isa = XCBuildConfiguration;
			buildSettings = {
				ALWAYS_SEARCH_USER_PATHS = NO;
				ASSETCATALOG_COMPILER_GENERATE_SWIFT_ASSET_SYMBOL_EXTENSIONS = YES;
				CLANG_ANALYZER_NONNULL = YES;
				CLANG_ANALYZER_NUMBER_OBJECT_CONVERSION = YES_AGGRESSIVE;
				CLANG_CXX_LANGUAGE_STANDARD = "gnu++20";
				CLANG_ENABLE_MODULES = YES;
				CLANG_ENABLE_OBJC_ARC = YES;
				CLANG_ENABLE_OBJC_WEAK = YES;
				CLANG_WARN_BLOCK_CAPTURE_AUTORELEASING = YES;
				CLANG_WARN_BOOL_CONVERSION = YES;
				CLANG_WARN_COMMA = YES;
				CLANG_WARN_CONSTANT_CONVERSION = YES;
				CLANG_WARN_DEPRECATED_OBJC_IMPLEMENTATIONS = YES;
				CLANG_WARN_DIRECT_OBJC_ISA_USAGE = YES_ERROR;
				CLANG_WARN_DOCUMENTATION_COMMENTS = YES;
				CLANG_WARN_EMPTY_BODY = YES;
				CLANG_WARN_ENUM_CONVERSION = YES;
				CLANG_WARN_INFINITE_RECURSION = YES;
				CLANG_WARN_INT_CONVERSION = YES;
				CLANG_WARN_NON_LITERAL_NULL_CONVERSION = YES;
				CLANG_WARN_OBJC_IMPLICIT_RETAIN_SELF = YES;
				CLANG_WARN_OBJC_LITERAL_CONVERSION = YES;
				CLANG_WARN_OBJC_ROOT_CLASS = YES_ERROR;
				CLANG_WARN_QUOTED_INCLUDE_IN_FRAMEWORK_HEADER = YES;
				CLANG_WARN_RANGE_LOOP_ANALYSIS = YES;
				CLANG_WARN_STRICT_PROTOTYPES = YES;
				CLANG_WARN_SUSPICIOUS_MOVE = YES;
				CLANG_WARN_UNGUARDED_AVAILABILITY = YES_AGGRESSIVE;
				CLANG_WARN_UNREACHABLE_CODE = YES;
				CLANG_WARN__DUPLICATE_METHOD_MATCH = YES;
				COPY_PHASE_STRIP = NO;
				DEBUG_INFORMATION_FORMAT = "dwarf-with-dsym";
				DEVELOPMENT_TEAM = ZXKGJANQQ2;
				ENABLE_NS_ASSERTIONS = NO;
				ENABLE_STRICT_OBJC_MSGSEND = YES;
				ENABLE_USER_SCRIPT_SANDBOXING = YES;
				GCC_C_LANGUAGE_STANDARD = gnu17;
				GCC_NO_COMMON_BLOCKS = YES;
				GCC_WARN_64_TO_32_BIT_CONVERSION = YES;
				GCC_WARN_ABOUT_RETURN_TYPE = YES_ERROR;
				GCC_WARN_UNDECLARED_SELECTOR = YES;
				GCC_WARN_UNINITIALIZED_AUTOS = YES_AGGRESSIVE;
				GCC_WARN_UNUSED_FUNCTION = YES;
				GCC_WARN_UNUSED_VARIABLE = YES;
				IPHONEOS_DEPLOYMENT_TARGET = 26.2;
				LOCALIZATION_PREFERS_STRING_CATALOGS = YES;
				MTL_ENABLE_DEBUG_INFO = NO;
				MTL_FAST_MATH = YES;
				SDKROOT = iphoneos;
				SWIFT_COMPILATION_MODE = wholemodule;
				VALIDATE_PRODUCT = YES;
			};
			name = Release;
		};
		AC1DE0A12F5D48DD0016C7EA /* Debug */ = {
			isa = XCBuildConfiguration;
			buildSettings = {
				BUNDLE_LOADER = "$(TEST_HOST)";
				CODE_SIGN_STYLE = Automatic;
				CURRENT_PROJECT_VERSION = 1;
				DEVELOPMENT_TEAM = ZXKGJANQQ2;
				GENERATE_INFOPLIST_FILE = YES;
				IPHONEOS_DEPLOYMENT_TARGET = 26.2;
				MARKETING_VERSION = 1.0;
				PRODUCT_BUNDLE_IDENTIFIER = bejaflor.KosudokuTests;
				PRODUCT_NAME = "$(TARGET_NAME)";
				STRING_CATALOG_GENERATE_SYMBOLS = NO;
				SWIFT_APPROACHABLE_CONCURRENCY = YES;
				SWIFT_EMIT_LOC_STRINGS = NO;
				SWIFT_UPCOMING_FEATURE_MEMBER_IMPORT_VISIBILITY = YES;
				SWIFT_VERSION = 5.0;
				TARGETED_DEVICE_FAMILY = "1,2";
				TEST_HOST = "$(BUILT_PRODUCTS_DIR)/Kosudoku.app/$(BUNDLE_EXECUTABLE_FOLDER_PATH)/Kosudoku";
			};
			name = Debug;
		};
		AC1DE0A22F5D48DD0016C7EA /* Release */ = {
			isa = XCBuildConfiguration;
			buildSettings = {
				BUNDLE_LOADER = "$(TEST_HOST)";
				CODE_SIGN_STYLE = Automatic;
				CURRENT_PROJECT_VERSION = 1;
				DEVELOPMENT_TEAM = ZXKGJANQQ2;
				GENERATE_INFOPLIST_FILE = YES;
				IPHONEOS_DEPLOYMENT_TARGET = 26.2;
				MARKETING_VERSION = 1.0;
				PRODUCT_BUNDLE_IDENTIFIER = bejaflor.KosudokuTests;
				PRODUCT_NAME = "$(TARGET_NAME)";
				STRING_CATALOG_GENERATE_SYMBOLS = NO;
				SWIFT_APPROACHABLE_CONCURRENCY = YES;
				SWIFT_EMIT_LOC_STRINGS = NO;
				SWIFT_UPCOMING_FEATURE_MEMBER_IMPORT_VISIBILITY = YES;
				SWIFT_VERSION = 5.0;
				TARGETED_DEVICE_FAMILY = "1,2";
				TEST_HOST = "$(BUILT_PRODUCTS_DIR)/Kosudoku.app/$(BUNDLE_EXECUTABLE_FOLDER_PATH)/Kosudoku";
			};
			name = Release;
		};
		AC1DE0A42F5D48DD0016C7EA /* Debug */ = {
			isa = XCBuildConfiguration;
			buildSettings = {
				CODE_SIGN_STYLE = Automatic;
				CURRENT_PROJECT_VERSION = 1;
				DEVELOPMENT_TEAM = ZXKGJANQQ2;
				GENERATE_INFOPLIST_FILE = YES;
				MARKETING_VERSION = 1.0;
				PRODUCT_BUNDLE_IDENTIFIER = bejaflor.KosudokuUITests;
				PRODUCT_NAME = "$(TARGET_NAME)";
				STRING_CATALOG_GENERATE_SYMBOLS = NO;
				SWIFT_APPROACHABLE_CONCURRENCY = YES;
				SWIFT_EMIT_LOC_STRINGS = NO;
				SWIFT_UPCOMING_FEATURE_MEMBER_IMPORT_VISIBILITY = YES;
				SWIFT_VERSION = 5.0;
				TARGETED_DEVICE_FAMILY = "1,2";
				TEST_TARGET_NAME = Kosudoku;
			};
			name = Debug;
		};
		AC1DE0A52F5D48DD0016C7EA /* Release */ = {
			isa = XCBuildConfiguration;
			buildSettings = {
				CODE_SIGN_STYLE = Automatic;
				CURRENT_PROJECT_VERSION = 1;
				DEVELOPMENT_TEAM = ZXKGJANQQ2;
				GENERATE_INFOPLIST_FILE = YES;
				MARKETING_VERSION = 1.0;
				PRODUCT_BUNDLE_IDENTIFIER = bejaflor.KosudokuUITests;
				PRODUCT_NAME = "$(TARGET_NAME)";
				STRING_CATALOG_GENERATE_SYMBOLS = NO;
				SWIFT_APPROACHABLE_CONCURRENCY = YES;
				SWIFT_EMIT_LOC_STRINGS = NO;
				SWIFT_UPCOMING_FEATURE_MEMBER_IMPORT_VISIBILITY = YES;
				SWIFT_VERSION = 5.0;
				TARGETED_DEVICE_FAMILY = "1,2";
				TEST_TARGET_NAME = Kosudoku;
			};
			name = Release;
		};
/* End XCBuildConfiguration section */

/* Begin XCConfigurationList section */
		AC1DE0722F5D48DB0016C7EA /* Build configuration list for PBXProject "Kosudoku" */ = {
			isa = XCConfigurationList;
			buildConfigurations = (
				AC1DE09E2F5D48DD0016C7EA /* Debug */,
				AC1DE09F2F5D48DD0016C7EA /* Release */,
			);
			defaultConfigurationIsVisible = 0;
			defaultConfigurationName = Release;
		};
		AC1DE09B2F5D48DD0016C7EA /* Build configuration list for PBXNativeTarget "Kosudoku" */ = {
			isa = XCConfigurationList;
			buildConfigurations = (
				AC1DE09C2F5D48DD0016C7EA /* Debug */,
				AC1DE09D2F5D48DD0016C7EA /* Release */,
			);
			defaultConfigurationIsVisible = 0;
			defaultConfigurationName = Release;
		};
		AC1DE0A02F5D48DD0016C7EA /* Build configuration list for PBXNativeTarget "KosudokuTests" */ = {
			isa = XCConfigurationList;
			buildConfigurations = (
				AC1DE0A12F5D48DD0016C7EA /* Debug */,
				AC1DE0A22F5D48DD0016C7EA /* Release */,
			);
			defaultConfigurationIsVisible = 0;
			defaultConfigurationName = Release;
		};
		AC1DE0A32F5D48DD0016C7EA /* Build configuration list for PBXNativeTarget "KosudokuUITests" */ = {
			isa = XCConfigurationList;
			buildConfigurations = (
				AC1DE0A42F5D48DD0016C7EA /* Debug */,
				AC1DE0A52F5D48DD0016C7EA /* Release */,
			);
			defaultConfigurationIsVisible = 0;
			defaultConfigurationName = Release;
		};
/* End XCConfigurationList section */
	};
	rootObject = AC1DE06F2F5D48DB0016C7EA /* Project object */;
}
